
Microsoft Visual Studio Solution File, Format Version 12.00
# Visual Studio 15
VisualStudioVersion = 15.0.28307.1758
MinimumVisualStudioVersion = 10.0.40219.1
Project("{FAE04EC0-301F-11D3-BF4B-00C04F79EFBC}") = "CmsShoppingCart", "CmsShoppingCart\CmsShoppingCart.csproj", "{67174F8B-7EE6-4F1B-A63D-716F659EC394}"
EndProject
Global
	GlobalSection(SolutionConfigurationPlatforms) = preSolution
		Debug|Any CPU = Debug|Any CPU
		Release|Any CPU = Release|Any CPU
	EndGlobalSection
	GlobalSection(ProjectConfigurationPlatforms) = postSolution
		{67174F8B-7EE6-4F1B-A63D-716F659EC394}.Debug|Any CPU.ActiveCfg = Debug|Any CPU
		{67174F8B-7EE6-4F1B-A63D-716F659EC394}.Debug|Any CPU.Build.0 = Debug|Any CPU
		{67174F8B-7EE6-4F1B-A63D-716F659EC394}.Release|Any CPU.ActiveCfg = Release|Any CPU
		{67174F8B-7EE6-4F1B-A63D-716F659EC394}.Release|Any CPU.Build.0 = Release|Any CPU
	EndGlobalSection
	GlobalSection(SolutionProperties) = preSolution
		HideSolutionNode = FALSE
	EndGlobalSection
	GlobalSection(ExtensibilityGlobals) = postSolution
		SolutionGuid = {51CC5891-1D11-410F-8A78-2F41D9A412A6}
	EndGlobalSection
EndGlobal
